
Microsoft Visual Studio Solution File, Format Version 12.00
# Visual Studio 2012
Project("{8BC9CEB8-8B4A-11D0-8D11-00A0C91BC942}") = "双向链表及其迭代器", "双向链表及其迭代器\双向链表及其迭代器.vcxproj", "{70D2FB28-2C40-482D-B519-AB55C50A8265}"
EndProject
Global
	GlobalSection(SolutionConfigurationPlatforms) = preSolution
		Debug|Win32 = Debug|Win32
		Release|Win32 = Release|Win32
	EndGlobalSection
	GlobalSection(ProjectConfigurationPlatforms) = postSolution
		{70D2FB28-2C40-482D-B519-AB55C50A8265}.Debug|Win32.ActiveCfg = Debug|Win32
		{70D2FB28-2C40-482D-B519-AB55C50A8265}.Debug|Win32.Build.0 = Debug|Win32
		{70D2FB28-2C40-482D-B519-AB55C50A8265}.Release|Win32.ActiveCfg = Release|Win32
		{70D2FB28-2C40-482D-B519-AB55C50A8265}.Release|Win32.Build.0 = Release|Win32
	EndGlobalSection
	GlobalSection(SolutionProperties) = preSolution
		HideSolutionNode = FALSE
	EndGlobalSection
EndGlobal
